
Microsoft Visual Studio Solution File, Format Version 12.00
# Visual Studio Version 16
VisualStudioVersion = 16.0.34031.81
MinimumVisualStudioVersion = 10.0.40219.1
Project("{2150E333-8FDC-42A3-9474-1A3956D46DE8}") = "Task0", "Task0", "{6365E0E8-AA5C-4B78-805C-2D7BBE901DA8}"
EndProject
Project("{FAE04EC0-301F-11D3-BF4B-00C04F79EFBC}") = "Tyuiu.FominIN.Sprint0.Task0.V0", "Tyuiu.FominIN.Sprint0.Task0.V0\Tyuiu.FominIN.Sprint0.Task0.V0.csproj", "{4E7DC26E-34A8-49DD-8207-38E55B76E655}"
EndProject
Project("{2150E333-8FDC-42A3-9474-1A3956D46DE8}") = "Task1", "Task1", "{E1C64662-EBF2-406E-AB42-D96985BB53CF}"
EndProject
Project("{FAE04EC0-301F-11D3-BF4B-00C04F79EFBC}") = "Tyuiu.FominIN.Sprint0.Task1.V0", "Tyuiu.FominIN.Sprint0.Task1.V0\Tyuiu.FominIN.Sprint0.Task1.V0.csproj", "{0B0CF282-7EF9-4233-8389-A57082EB1817}"
EndProject
Project("{2150E333-8FDC-42A3-9474-1A3956D46DE8}") = "Task2", "Task2", "{E164FA65-288C-46D0-BA48-DC53A57341C6}"
EndProject
Project("{FAE04EC0-301F-11D3-BF4B-00C04F79EFBC}") = "Tyuiu.FominIN.Sprint0.Task2.V0", "Tyuiu.FominIN.Sprint0.Task2.V0\Tyuiu.FominIN.Sprint0.Task2.V0.csproj", "{40E1608D-2235-4DC0-AB15-AA800391491F}"
EndProject
Project("{FAE04EC0-301F-11D3-BF4B-00C04F79EFBC}") = "Tyuiu.FominIN.Sprint0.Task2.V0.Lib", "Tyuiu.FominIN.Sprint0.Task2.V0.Lib\Tyuiu.FominIN.Sprint0.Task2.V0.Lib.csproj", "{CAAE9285-C9AF-4FDA-812E-6B8EFE4D9CE3}"
EndProject
Project("{FAE04EC0-301F-11D3-BF4B-00C04F79EFBC}") = "Tyuiu.FominIN.Sprint0.Task2.V0.Test", "Tyuiu.FominIN.Sprint0.Task2.V0.Test\Tyuiu.FominIN.Sprint0.Task2.V0.Test.csproj", "{5817A920-5D3A-4F98-B471-461B9617390A}"
EndProject
Project("{2150E333-8FDC-42A3-9474-1A3956D46DE8}") = "Task3", "Task3", "{FC95BFE5-F60B-40BD-968A-699639C5EFEC}"
EndProject
Project("{FAE04EC0-301F-11D3-BF4B-00C04F79EFBC}") = "Tyuiu.FominIN.Sprint0.Task3.V0", "Tyuiu.FominIN.Sprint0.Task3.V0\Tyuiu.FominIN.Sprint0.Task3.V0.csproj", "{A3A1E560-A76A-4D2F-B88E-BD1A16BE2DB2}"
EndProject
Project("{FAE04EC0-301F-11D3-BF4B-00C04F79EFBC}") = "Tyuiu.FominIN.Sprint0.Task3.V0.Lib", "Tyuiu.FominIN.Sprint0.Task3.V0.Lib\Tyuiu.FominIN.Sprint0.Task3.V0.Lib.csproj", "{F292F4A3-485A-43E2-B28F-D749899341C2}"
EndProject
Project("{FAE04EC0-301F-11D3-BF4B-00C04F79EFBC}") = "Tyuiu.FominIN.Sprint0.Task3.V0.Test", "Tyuiu.FominIN.Sprint0.Task3.V0.Test\Tyuiu.FominIN.Sprint0.Task3.V0.Test.csproj", "{A8ABE6F4-7AAC-40CA-A7B5-A0DD2932C47A}"
EndProject
Global
	GlobalSection(SolutionConfigurationPlatforms) = preSolution
		Debug|Any CPU = Debug|Any CPU
		Release|Any CPU = Release|Any CPU
	EndGlobalSection
	GlobalSection(ProjectConfigurationPlatforms) = postSolution
		{4E7DC26E-34A8-49DD-8207-38E55B76E655}.Debug|Any CPU.ActiveCfg = Debug|Any CPU
		{4E7DC26E-34A8-49DD-8207-38E55B76E655}.Debug|Any CPU.Build.0 = Debug|Any CPU
		{4E7DC26E-34A8-49DD-8207-38E55B76E655}.Release|Any CPU.ActiveCfg = Release|Any CPU
		{4E7DC26E-34A8-49DD-8207-38E55B76E655}.Release|Any CPU.Build.0 = Release|Any CPU
		{0B0CF282-7EF9-4233-8389-A57082EB1817}.Debug|Any CPU.ActiveCfg = Debug|Any CPU
		{0B0CF282-7EF9-4233-8389-A57082EB1817}.Debug|Any CPU.Build.0 = Debug|Any CPU
		{0B0CF282-7EF9-4233-8389-A57082EB1817}.Release|Any CPU.ActiveCfg = Release|Any CPU
		{0B0CF282-7EF9-4233-8389-A57082EB1817}.Release|Any CPU.Build.0 = Release|Any CPU
		{40E1608D-2235-4DC0-AB15-AA800391491F}.Debug|Any CPU.ActiveCfg = Debug|Any CPU
		{40E1608D-2235-4DC0-AB15-AA800391491F}.Debug|Any CPU.Build.0 = Debug|Any CPU
		{40E1608D-2235-4DC0-AB15-AA800391491F}.Release|Any CPU.ActiveCfg = Release|Any CPU
		{40E1608D-2235-4DC0-AB15-AA800391491F}.Release|Any CPU.Build.0 = Release|Any CPU
		{CAAE9285-C9AF-4FDA-812E-6B8EFE4D9CE3}.Debug|Any CPU.ActiveCfg = Debug|Any CPU
		{CAAE9285-C9AF-4FDA-812E-6B8EFE4D9CE3}.Debug|Any CPU.Build.0 = Debug|Any CPU
		{CAAE9285-C9AF-4FDA-812E-6B8EFE4D9CE3}.Release|Any CPU.ActiveCfg = Release|Any CPU
		{CAAE9285-C9AF-4FDA-812E-6B8EFE4D9CE3}.Release|Any CPU.Build.0 = Release|Any CPU
		{5817A920-5D3A-4F98-B471-461B9617390A}.Debug|Any CPU.ActiveCfg = Debug|Any CPU
		{5817A920-5D3A-4F98-B471-461B9617390A}.Debug|Any CPU.Build.0 = Debug|Any CPU
		{5817A920-5D3A-4F98-B471-461B9617390A}.Release|Any CPU.ActiveCfg = Release|Any CPU
		{5817A920-5D3A-4F98-B471-461B9617390A}.Release|Any CPU.Build.0 = Release|Any CPU
		{A3A1E560-A76A-4D2F-B88E-BD1A16BE2DB2}.Debug|Any CPU.ActiveCfg = Debug|Any CPU
		{A3A1E560-A76A-4D2F-B88E-BD1A16BE2DB2}.Debug|Any CPU.Build.0 = Debug|Any CPU
		{A3A1E560-A76A-4D2F-B88E-BD1A16BE2DB2}.Release|Any CPU.ActiveCfg = Release|Any CPU
		{A3A1E560-A76A-4D2F-B88E-BD1A16BE2DB2}.Release|Any CPU.Build.0 = Release|Any CPU
		{F292F4A3-485A-43E2-B28F-D749899341C2}.Debug|Any CPU.ActiveCfg = Debug|Any CPU
		{F292F4A3-485A-43E2-B28F-D749899341C2}.Debug|Any CPU.Build.0 = Debug|Any CPU
		{F292F4A3-485A-43E2-B28F-D749899341C2}.Release|Any CPU.ActiveCfg = Release|Any CPU
		{F292F4A3-485A-43E2-B28F-D749899341C2}.Release|Any CPU.Build.0 = Release|Any CPU
		{A8ABE6F4-7AAC-40CA-A7B5-A0DD2932C47A}.Debug|Any CPU.ActiveCfg = Debug|Any CPU
		{A8ABE6F4-7AAC-40CA-A7B5-A0DD2932C47A}.Debug|Any CPU.Build.0 = Debug|Any CPU
		{A8ABE6F4-7AAC-40CA-A7B5-A0DD2932C47A}.Release|Any CPU.ActiveCfg = Release|Any CPU
		{A8ABE6F4-7AAC-40CA-A7B5-A0DD2932C47A}.Release|Any CPU.Build.0 = Release|Any CPU
	EndGlobalSection
	GlobalSection(SolutionProperties) = preSolution
		HideSolutionNode = FALSE
	EndGlobalSection
	GlobalSection(NestedProjects) = preSolution
		{4E7DC26E-34A8-49DD-8207-38E55B76E655} = {6365E0E8-AA5C-4B78-805C-2D7BBE901DA8}
		{0B0CF282-7EF9-4233-8389-A57082EB1817} = {E1C64662-EBF2-406E-AB42-D96985BB53CF}
		{40E1608D-2235-4DC0-AB15-AA800391491F} = {E164FA65-288C-46D0-BA48-DC53A57341C6}
		{CAAE9285-C9AF-4FDA-812E-6B8EFE4D9CE3} = {E164FA65-288C-46D0-BA48-DC53A57341C6}
		{5817A920-5D3A-4F98-B471-461B9617390A} = {E164FA65-288C-46D0-BA48-DC53A57341C6}
		{A3A1E560-A76A-4D2F-B88E-BD1A16BE2DB2} = {FC95BFE5-F60B-40BD-968A-699639C5EFEC}
		{F292F4A3-485A-43E2-B28F-D749899341C2} = {FC95BFE5-F60B-40BD-968A-699639C5EFEC}
		{A8ABE6F4-7AAC-40CA-A7B5-A0DD2932C47A} = {FC95BFE5-F60B-40BD-968A-699639C5EFEC}
	EndGlobalSection
	GlobalSection(ExtensibilityGlobals) = postSolution
		SolutionGuid = {24350A14-D069-469C-95AE-D55737E116BF}
	EndGlobalSection
EndGlobal
